
Microsoft Visual Studio Solution File, Format Version 12.00
# Visual Studio Version 17
VisualStudioVersion = 17.9.34728.123
MinimumVisualStudioVersion = 10.0.40219.1
Project("{FAE04EC0-301F-11D3-BF4B-00C04F79EFBC}") = "HotelBookingAPI", "HotelBookingAPI.csproj", "{26F679A2-0C7A-4A58-815A-7C8597B5E68C}"
EndProject
Global
	GlobalSection(SolutionConfigurationPlatforms) = preSolution
		Debug|Any CPU = Debug|Any CPU
		Release|Any CPU = Release|Any CPU
	EndGlobalSection
	GlobalSection(ProjectConfigurationPlatforms) = postSolution
		{26F679A2-0C7A-4A58-815A-7C8597B5E68C}.Debug|Any CPU.ActiveCfg = Debug|Any CPU
		{26F679A2-0C7A-4A58-815A-7C8597B5E68C}.Debug|Any CPU.Build.0 = Debug|Any CPU
		{26F679A2-0C7A-4A58-815A-7C8597B5E68C}.Release|Any CPU.ActiveCfg = Release|Any CPU
		{26F679A2-0C7A-4A58-815A-7C8597B5E68C}.Release|Any CPU.Build.0 = Release|Any CPU
	EndGlobalSection
	GlobalSection(SolutionProperties) = preSolution
		HideSolutionNode = FALSE
	EndGlobalSection
	GlobalSection(ExtensibilityGlobals) = postSolution
		SolutionGuid = {DB74EEA0-D57E-4DC0-9D37-BC7E21DCB6E6}
	EndGlobalSection
EndGlobal
